
Microsoft Visual Studio Solution File, Format Version 12.00
# Visual Studio 15
VisualStudioVersion = 15.0.27004.2005
MinimumVisualStudioVersion = 10.0.40219.1
Project("{FAE04EC0-301F-11D3-BF4B-00C04F79EFBC}") = "RejestracjaBillenniumPraktyki", "RejestracjaBillenniumPraktyki\RejestracjaBillenniumPraktyki.csproj", "{CDB023B2-B6E7-445C-889B-A88800712F25}"
EndProject
Global
	GlobalSection(SolutionConfigurationPlatforms) = preSolution
		Debug|Any CPU = Debug|Any CPU
		Release|Any CPU = Release|Any CPU
	EndGlobalSection
	GlobalSection(ProjectConfigurationPlatforms) = postSolution
		{CDB023B2-B6E7-445C-889B-A88800712F25}.Debug|Any CPU.ActiveCfg = Debug|Any CPU
		{CDB023B2-B6E7-445C-889B-A88800712F25}.Debug|Any CPU.Build.0 = Debug|Any CPU
		{CDB023B2-B6E7-445C-889B-A88800712F25}.Release|Any CPU.ActiveCfg = Release|Any CPU
		{CDB023B2-B6E7-445C-889B-A88800712F25}.Release|Any CPU.Build.0 = Release|Any CPU
	EndGlobalSection
	GlobalSection(SolutionProperties) = preSolution
		HideSolutionNode = FALSE
	EndGlobalSection
	GlobalSection(ExtensibilityGlobals) = postSolution
		SolutionGuid = {E2F4CEE7-8A30-409D-A84E-EC213F3706D4}
	EndGlobalSection
EndGlobal
